
Microsoft Visual Studio Solution File, Format Version 12.00
# Visual Studio Version 17
VisualStudioVersion = 17.14.36603.0 d17.14
MinimumVisualStudioVersion = 10.0.40219.1
Project("{FAE04EC0-301F-11D3-BF4B-00C04F79EFBC}") = "EntregaFinalCalculoInf", "EntregaFinalCalculoInf.csproj", "{28FFE7FF-7C55-9DE5-6058-49B9CB8B899B}"
EndProject
Global
	GlobalSection(SolutionConfigurationPlatforms) = preSolution
		Debug|Any CPU = Debug|Any CPU
		Release|Any CPU = Release|Any CPU
	EndGlobalSection
	GlobalSection(ProjectConfigurationPlatforms) = postSolution
		{28FFE7FF-7C55-9DE5-6058-49B9CB8B899B}.Debug|Any CPU.ActiveCfg = Debug|Any CPU
		{28FFE7FF-7C55-9DE5-6058-49B9CB8B899B}.Debug|Any CPU.Build.0 = Debug|Any CPU
		{28FFE7FF-7C55-9DE5-6058-49B9CB8B899B}.Release|Any CPU.ActiveCfg = Release|Any CPU
		{28FFE7FF-7C55-9DE5-6058-49B9CB8B899B}.Release|Any CPU.Build.0 = Release|Any CPU
	EndGlobalSection
	GlobalSection(SolutionProperties) = preSolution
		HideSolutionNode = FALSE
	EndGlobalSection
	GlobalSection(ExtensibilityGlobals) = postSolution
		SolutionGuid = {2915A7FF-4632-4F99-821F-3F988DF62EC3}
	EndGlobalSection
EndGlobal
